// !$*UTF8*$!
{
	archiveVersion = 1;
	classes = {
	};
	objectVersion = 56;
	objects = {

/* Begin PBXBuildFile section */
		7266087F2B3B1C8900E62D60 /* ContactLixtSwiftUIApp.swift in Sources */ = {isa = PBXBuildFile; fileRef = 7266087E2B3B1C8900E62D60 /* ContactLixtSwiftUIApp.swift */; };
		726608812B3B1C8A00E62D60 /* ContentView.swift in Sources */ = {isa = PBXBuildFile; fileRef = 726608802B3B1C8A00E62D60 /* ContentView.swift */; };
		726608832B3B1C8B00E62D60 /* Assets.xcassets in Resources */ = {isa = PBXBuildFile; fileRef = 726608822B3B1C8B00E62D60 /* Assets.xcassets */; };
		726608862B3B1C8B00E62D60 /* Preview Assets.xcassets in Resources */ = {isa = PBXBuildFile; fileRef = 726608852B3B1C8B00E62D60 /* Preview Assets.xcassets */; };
		726608972B3B207200E62D60 /* ContactListView.swift in Sources */ = {isa = PBXBuildFile; fileRef = 726608962B3B207200E62D60 /* ContactListView.swift */; };
		726608992B3B20A700E62D60 /* ContactRowView.swift in Sources */ = {isa = PBXBuildFile; fileRef = 726608982B3B20A700E62D60 /* ContactRowView.swift */; };
		7266089B2B3B220200E62D60 /* Person.swift in Sources */ = {isa = PBXBuildFile; fileRef = 7266089A2B3B220200E62D60 /* Person.swift */; };
		7266089D2B3B224300E62D60 /* DataStore.swift in Sources */ = {isa = PBXBuildFile; fileRef = 7266089C2B3B224300E62D60 /* DataStore.swift */; };
		7266089F2B3B279B00E62D60 /* NumbersView.swift in Sources */ = {isa = PBXBuildFile; fileRef = 7266089E2B3B279B00E62D60 /* NumbersView.swift */; };
		726608A12B3B281A00E62D60 /* PersonDetailsView.swift in Sources */ = {isa = PBXBuildFile; fileRef = 726608A02B3B281A00E62D60 /* PersonDetailsView.swift */; };
/* End PBXBuildFile section */

/* Begin PBXFileReference section */
		7266087B2B3B1C8900E62D60 /* ContactLixtSwiftUI.app */ = {isa = PBXFileReference; explicitFileType = wrapper.application; includeInIndex = 0; path = ContactLixtSwiftUI.app; sourceTree = BUILT_PRODUCTS_DIR; };
		7266087E2B3B1C8900E62D60 /* ContactLixtSwiftUIApp.swift */ = {isa = PBXFileReference; lastKnownFileType = sourcecode.swift; path = ContactLixtSwiftUIApp.swift; sourceTree = "<group>"; };
		726608802B3B1C8A00E62D60 /* ContentView.swift */ = {isa = PBXFileReference; lastKnownFileType = sourcecode.swift; path = ContentView.swift; sourceTree = "<group>"; };
		726608822B3B1C8B00E62D60 /* Assets.xcassets */ = {isa = PBXFileReference; lastKnownFileType = folder.assetcatalog; path = Assets.xcassets; sourceTree = "<group>"; };
		726608852B3B1C8B00E62D60 /* Preview Assets.xcassets */ = {isa = PBXFileReference; lastKnownFileType = folder.assetcatalog; path = "Preview Assets.xcassets"; sourceTree = "<group>"; };
		726608962B3B207200E62D60 /* ContactListView.swift */ = {isa = PBXFileReference; lastKnownFileType = sourcecode.swift; path = ContactListView.swift; sourceTree = "<group>"; };
		726608982B3B20A700E62D60 /* ContactRowView.swift */ = {isa = PBXFileReference; lastKnownFileType = sourcecode.swift; path = ContactRowView.swift; sourceTree = "<group>"; };
		7266089A2B3B220200E62D60 /* Person.swift */ = {isa = PBXFileReference; lastKnownFileType = sourcecode.swift; path = Person.swift; sourceTree = "<group>"; };
		7266089C2B3B224300E62D60 /* DataStore.swift */ = {isa = PBXFileReference; lastKnownFileType = sourcecode.swift; path = DataStore.swift; sourceTree = "<group>"; };
		7266089E2B3B279B00E62D60 /* NumbersView.swift */ = {isa = PBXFileReference; lastKnownFileType = sourcecode.swift; path = NumbersView.swift; sourceTree = "<group>"; };
		726608A02B3B281A00E62D60 /* PersonDetailsView.swift */ = {isa = PBXFileReference; lastKnownFileType = sourcecode.swift; path = PersonDetailsView.swift; sourceTree = "<group>"; };
/* End PBXFileReference section */

/* Begin PBXFrameworksBuildPhase section */
		726608782B3B1C8900E62D60 /* Frameworks */ = {
			isa = PBXFrameworksBuildPhase;
			buildActionMask = 2147483647;
			files = (
			);
			runOnlyForDeploymentPostprocessing = 0;
		};
/* End PBXFrameworksBuildPhase section */

/* Begin PBXGroup section */
		726608722B3B1C8900E62D60 = {
			isa = PBXGroup;
			children = (
				7266087D2B3B1C8900E62D60 /* ContactLixtSwiftUI */,
				7266087C2B3B1C8900E62D60 /* Products */,
			);
			sourceTree = "<group>";
		};
		7266087C2B3B1C8900E62D60 /* Products */ = {
			isa = PBXGroup;
			children = (
				7266087B2B3B1C8900E62D60 /* ContactLixtSwiftUI.app */,
			);
			name = Products;
			sourceTree = "<group>";
		};
		7266087D2B3B1C8900E62D60 /* ContactLixtSwiftUI */ = {
			isa = PBXGroup;
			children = (
				7266087E2B3B1C8900E62D60 /* ContactLixtSwiftUIApp.swift */,
				726608942B3B202F00E62D60 /* Views */,
				726608902B3B1FC200E62D60 /* Model */,
				726608922B3B1FDC00E62D60 /* Sourses */,
				726608842B3B1C8B00E62D60 /* Preview Content */,
			);
			path = ContactLixtSwiftUI;
			sourceTree = "<group>";
		};
		726608842B3B1C8B00E62D60 /* Preview Content */ = {
			isa = PBXGroup;
			children = (
				726608852B3B1C8B00E62D60 /* Preview Assets.xcassets */,
				726608822B3B1C8B00E62D60 /* Assets.xcassets */,
			);
			path = "Preview Content";
			sourceTree = "<group>";
		};
		726608902B3B1FC200E62D60 /* Model */ = {
			isa = PBXGroup;
			children = (
				7266089A2B3B220200E62D60 /* Person.swift */,
			);
			path = Model;
			sourceTree = "<group>";
		};
		726608922B3B1FDC00E62D60 /* Sourses */ = {
			isa = PBXGroup;
			children = (
				7266089C2B3B224300E62D60 /* DataStore.swift */,
			);
			path = Sourses;
			sourceTree = "<group>";
		};
		726608942B3B202F00E62D60 /* Views */ = {
			isa = PBXGroup;
			children = (
				726608802B3B1C8A00E62D60 /* ContentView.swift */,
				726608962B3B207200E62D60 /* ContactListView.swift */,
				726608982B3B20A700E62D60 /* ContactRowView.swift */,
				726608A02B3B281A00E62D60 /* PersonDetailsView.swift */,
				7266089E2B3B279B00E62D60 /* NumbersView.swift */,
			);
			path = Views;
			sourceTree = "<group>";
		};
/* End PBXGroup section */

/* Begin PBXNativeTarget section */
		7266087A2B3B1C8900E62D60 /* ContactLixtSwiftUI */ = {
			isa = PBXNativeTarget;
			buildConfigurationList = 726608892B3B1C8B00E62D60 /* Build configuration list for PBXNativeTarget "ContactLixtSwiftUI" */;
			buildPhases = (
				726608772B3B1C8900E62D60 /* Sources */,
				726608782B3B1C8900E62D60 /* Frameworks */,
				726608792B3B1C8900E62D60 /* Resources */,
			);
			buildRules = (
			);
			dependencies = (
			);
			name = ContactLixtSwiftUI;
			productName = ContactLixtSwiftUI;
			productReference = 7266087B2B3B1C8900E62D60 /* ContactLixtSwiftUI.app */;
			productType = "com.apple.product-type.application";
		};
/* End PBXNativeTarget section */

/* Begin PBXProject section */
		726608732B3B1C8900E62D60 /* Project object */ = {
			isa = PBXProject;
			attributes = {
				BuildIndependentTargetsInParallel = 1;
				LastSwiftUpdateCheck = 1500;
				LastUpgradeCheck = 1500;
				TargetAttributes = {
					7266087A2B3B1C8900E62D60 = {
						CreatedOnToolsVersion = 15.0;
					};
				};
			};
			buildConfigurationList = 726608762B3B1C8900E62D60 /* Build configuration list for PBXProject "ContactLixtSwiftUI" */;
			compatibilityVersion = "Xcode 14.0";
			developmentRegion = en;
			hasScannedForEncodings = 0;
			knownRegions = (
				en,
				Base,
			);
			mainGroup = 726608722B3B1C8900E62D60;
			productRefGroup = 7266087C2B3B1C8900E62D60 /* Products */;
			projectDirPath = "";
			projectRoot = "";
			targets = (
				7266087A2B3B1C8900E62D60 /* ContactLixtSwiftUI */,
			);
		};
/* End PBXProject section */

/* Begin PBXResourcesBuildPhase section */
		726608792B3B1C8900E62D60 /* Resources */ = {
			isa = PBXResourcesBuildPhase;
			buildActionMask = 2147483647;
			files = (
				726608862B3B1C8B00E62D60 /* Preview Assets.xcassets in Resources */,
				726608832B3B1C8B00E62D60 /* Assets.xcassets in Resources */,
			);
			runOnlyForDeploymentPostprocessing = 0;
		};
/* End PBXResourcesBuildPhase section */

/* Begin PBXSourcesBuildPhase section */
		726608772B3B1C8900E62D60 /* Sources */ = {
			isa = PBXSourcesBuildPhase;
			buildActionMask = 2147483647;
			files = (
				7266089B2B3B220200E62D60 /* Person.swift in Sources */,
				7266089D2B3B224300E62D60 /* DataStore.swift in Sources */,
				726608A12B3B281A00E62D60 /* PersonDetailsView.swift in Sources */,
				726608972B3B207200E62D60 /* ContactListView.swift in Sources */,
				726608812B3B1C8A00E62D60 /* ContentView.swift in Sources */,
				7266089F2B3B279B00E62D60 /* NumbersView.swift in Sources */,
				726608992B3B20A700E62D60 /* ContactRowView.swift in Sources */,
				7266087F2B3B1C8900E62D60 /* ContactLixtSwiftUIApp.swift in Sources */,
			);
			runOnlyForDeploymentPostprocessing = 0;
		};
/* End PBXSourcesBuildPhase section */

/* Begin XCBuildConfiguration section */
		726608872B3B1C8B00E62D60 /* Debug */ = {
			isa = XCBuildConfiguration;
			buildSettings = {
				ALWAYS_SEARCH_USER_PATHS = NO;
				ASSETCATALOG_COMPILER_GENERATE_SWIFT_ASSET_SYMBOL_EXTENSIONS = YES;
				CLANG_ANALYZER_NONNULL = YES;
				CLANG_ANALYZER_NUMBER_OBJECT_CONVERSION = YES_AGGRESSIVE;
				CLANG_CXX_LANGUAGE_STANDARD = "gnu++20";
				CLANG_ENABLE_MODULES = YES;
				CLANG_ENABLE_OBJC_ARC = YES;
				CLANG_ENABLE_OBJC_WEAK = YES;
				CLANG_WARN_BLOCK_CAPTURE_AUTORELEASING = YES;
				CLANG_WARN_BOOL_CONVERSION = YES;
				CLANG_WARN_COMMA = YES;
				CLANG_WARN_CONSTANT_CONVERSION = YES;
				CLANG_WARN_DEPRECATED_OBJC_IMPLEMENTATIONS = YES;
				CLANG_WARN_DIRECT_OBJC_ISA_USAGE = YES_ERROR;
				CLANG_WARN_DOCUMENTATION_COMMENTS = YES;
				CLANG_WARN_EMPTY_BODY = YES;
				CLANG_WARN_ENUM_CONVERSION = YES;
				CLANG_WARN_INFINITE_RECURSION = YES;
				CLANG_WARN_INT_CONVERSION = YES;
				CLANG_WARN_NON_LITERAL_NULL_CONVERSION = YES;
				CLANG_WARN_OBJC_IMPLICIT_RETAIN_SELF = YES;
				CLANG_WARN_OBJC_LITERAL_CONVERSION = YES;
				CLANG_WARN_OBJC_ROOT_CLASS = YES_ERROR;
				CLANG_WARN_QUOTED_INCLUDE_IN_FRAMEWORK_HEADER = YES;
				CLANG_WARN_RANGE_LOOP_ANALYSIS = YES;
				CLANG_WARN_STRICT_PROTOTYPES = YES;
				CLANG_WARN_SUSPICIOUS_MOVE = YES;
				CLANG_WARN_UNGUARDED_AVAILABILITY = YES_AGGRESSIVE;
				CLANG_WARN_UNREACHABLE_CODE = YES;
				CLANG_WARN__DUPLICATE_METHOD_MATCH = YES;
				COPY_PHASE_STRIP = NO;
				DEBUG_INFORMATION_FORMAT = dwarf;
				ENABLE_STRICT_OBJC_MSGSEND = YES;
				ENABLE_TESTABILITY = YES;
				ENABLE_USER_SCRIPT_SANDBOXING = YES;
				GCC_C_LANGUAGE_STANDARD = gnu17;
				GCC_DYNAMIC_NO_PIC = NO;
				GCC_NO_COMMON_BLOCKS = YES;
				GCC_OPTIMIZATION_LEVEL = 0;
				GCC_PREPROCESSOR_DEFINITIONS = (
					"DEBUG=1",
					"$(inherited)",
				);
				GCC_WARN_64_TO_32_BIT_CONVERSION = YES;
				GCC_WARN_ABOUT_RETURN_TYPE = YES_ERROR;
				GCC_WARN_UNDECLARED_SELECTOR = YES;
				GCC_WARN_UNINITIALIZED_AUTOS = YES_AGGRESSIVE;
				GCC_WARN_UNUSED_FUNCTION = YES;
				GCC_WARN_UNUSED_VARIABLE = YES;
				IPHONEOS_DEPLOYMENT_TARGET = 17.0;
				LOCALIZATION_PREFERS_STRING_CATALOGS = YES;
				MTL_ENABLE_DEBUG_INFO = INCLUDE_SOURCE;
				MTL_FAST_MATH = YES;
				ONLY_ACTIVE_ARCH = YES;
				SDKROOT = iphoneos;
				SWIFT_ACTIVE_COMPILATION_CONDITIONS = "DEBUG $(inherited)";
				SWIFT_OPTIMIZATION_LEVEL = "-Onone";
			};
			name = Debug;
		};
		726608882B3B1C8B00E62D60 /* Release */ = {
			isa = XCBuildConfiguration;
			buildSettings = {
				ALWAYS_SEARCH_USER_PATHS = NO;
				ASSETCATALOG_COMPILER_GENERATE_SWIFT_ASSET_SYMBOL_EXTENSIONS = YES;
				CLANG_ANALYZER_NONNULL = YES;
				CLANG_ANALYZER_NUMBER_OBJECT_CONVERSION = YES_AGGRESSIVE;
				CLANG_CXX_LANGUAGE_STANDARD = "gnu++20";
				CLANG_ENABLE_MODULES = YES;
				CLANG_ENABLE_OBJC_ARC = YES;
				CLANG_ENABLE_OBJC_WEAK = YES;
				CLANG_WARN_BLOCK_CAPTURE_AUTORELEASING = YES;
				CLANG_WARN_BOOL_CONVERSION = YES;
				CLANG_WARN_COMMA = YES;
				CLANG_WARN_CONSTANT_CONVERSION = YES;
				CLANG_WARN_DEPRECATED_OBJC_IMPLEMENTATIONS = YES;
				CLANG_WARN_DIRECT_OBJC_ISA_USAGE = YES_ERROR;
				CLANG_WARN_DOCUMENTATION_COMMENTS = YES;
				CLANG_WARN_EMPTY_BODY = YES;
				CLANG_WARN_ENUM_CONVERSION = YES;
				CLANG_WARN_INFINITE_RECURSION = YES;
				CLANG_WARN_INT_CONVERSION = YES;
				CLANG_WARN_NON_LITERAL_NULL_CONVERSION = YES;
				CLANG_WARN_OBJC_IMPLICIT_RETAIN_SELF = YES;
				CLANG_WARN_OBJC_LITERAL_CONVERSION = YES;
				CLANG_WARN_OBJC_ROOT_CLASS = YES_ERROR;
				CLANG_WARN_QUOTED_INCLUDE_IN_FRAMEWORK_HEADER = YES;
				CLANG_WARN_RANGE_LOOP_ANALYSIS = YES;
				CLANG_WARN_STRICT_PROTOTYPES = YES;
				CLANG_WARN_SUSPICIOUS_MOVE = YES;
				CLANG_WARN_UNGUARDED_AVAILABILITY = YES_AGGRESSIVE;
				CLANG_WARN_UNREACHABLE_CODE = YES;
				CLANG_WARN__DUPLICATE_METHOD_MATCH = YES;
				COPY_PHASE_STRIP = NO;
				DEBUG_INFORMATION_FORMAT = "dwarf-with-dsym";
				ENABLE_NS_ASSERTIONS = NO;
				ENABLE_STRICT_OBJC_MSGSEND = YES;
				ENABLE_USER_SCRIPT_SANDBOXING = YES;
				GCC_C_LANGUAGE_STANDARD = gnu17;
				GCC_NO_COMMON_BLOCKS = YES;
				GCC_WARN_64_TO_32_BIT_CONVERSION = YES;
				GCC_WARN_ABOUT_RETURN_TYPE = YES_ERROR;
				GCC_WARN_UNDECLARED_SELECTOR = YES;
				GCC_WARN_UNINITIALIZED_AUTOS = YES_AGGRESSIVE;
				GCC_WARN_UNUSED_FUNCTION = YES;
				GCC_WARN_UNUSED_VARIABLE = YES;
				IPHONEOS_DEPLOYMENT_TARGET = 17.0;
				LOCALIZATION_PREFERS_STRING_CATALOGS = YES;
				MTL_ENABLE_DEBUG_INFO = NO;
				MTL_FAST_MATH = YES;
				SDKROOT = iphoneos;
				SWIFT_COMPILATION_MODE = wholemodule;
				VALIDATE_PRODUCT = YES;
			};
			name = Release;
		};
		7266088A2B3B1C8B00E62D60 /* Debug */ = {
			isa = XCBuildConfiguration;
			buildSettings = {
				ASSETCATALOG_COMPILER_APPICON_NAME = AppIcon;
				ASSETCATALOG_COMPILER_GLOBAL_ACCENT_COLOR_NAME = AccentColor;
				CODE_SIGN_STYLE = Automatic;
				CURRENT_PROJECT_VERSION = 1;
				DEVELOPMENT_ASSET_PATHS = "\"ContactLixtSwiftUI/Preview Content\"";
				ENABLE_PREVIEWS = YES;
				GENERATE_INFOPLIST_FILE = YES;
				INFOPLIST_KEY_UIApplicationSceneManifest_Generation = YES;
				INFOPLIST_KEY_UIApplicationSupportsIndirectInputEvents = YES;
				INFOPLIST_KEY_UILaunchScreen_Generation = YES;
				INFOPLIST_KEY_UISupportedInterfaceOrientations_iPad = "UIInterfaceOrientationPortrait UIInterfaceOrientationPortraitUpsideDown UIInterfaceOrientationLandscapeLeft UIInterfaceOrientationLandscapeRight";
				INFOPLIST_KEY_UISupportedInterfaceOrientations_iPhone = "UIInterfaceOrientationPortrait UIInterfaceOrientationLandscapeLeft UIInterfaceOrientationLandscapeRight";
				LD_RUNPATH_SEARCH_PATHS = (
					"$(inherited)",
					"@executable_path/Frameworks",
				);
				MARKETING_VERSION = 1.0;
				PRODUCT_BUNDLE_IDENTIFIER = swiftbook.ru.ContactLixtSwiftUI;
				PRODUCT_NAME = "$(TARGET_NAME)";
				SWIFT_EMIT_LOC_STRINGS = YES;
				SWIFT_VERSION = 5.0;
				TARGETED_DEVICE_FAMILY = "1,2";
			};
			name = Debug;
		};
		7266088B2B3B1C8B00E62D60 /* Release */ = {
			isa = XCBuildConfiguration;
			buildSettings = {
				ASSETCATALOG_COMPILER_APPICON_NAME = AppIcon;
				ASSETCATALOG_COMPILER_GLOBAL_ACCENT_COLOR_NAME = AccentColor;
				CODE_SIGN_STYLE = Automatic;
				CURRENT_PROJECT_VERSION = 1;
				DEVELOPMENT_ASSET_PATHS = "\"ContactLixtSwiftUI/Preview Content\"";
				ENABLE_PREVIEWS = YES;
				GENERATE_INFOPLIST_FILE = YES;
				INFOPLIST_KEY_UIApplicationSceneManifest_Generation = YES;
				INFOPLIST_KEY_UIApplicationSupportsIndirectInputEvents = YES;
				INFOPLIST_KEY_UILaunchScreen_Generation = YES;
				INFOPLIST_KEY_UISupportedInterfaceOrientations_iPad = "UIInterfaceOrientationPortrait UIInterfaceOrientationPortraitUpsideDown UIInterfaceOrientationLandscapeLeft UIInterfaceOrientationLandscapeRight";
				INFOPLIST_KEY_UISupportedInterfaceOrientations_iPhone = "UIInterfaceOrientationPortrait UIInterfaceOrientationLandscapeLeft UIInterfaceOrientationLandscapeRight";
				LD_RUNPATH_SEARCH_PATHS = (
					"$(inherited)",
					"@executable_path/Frameworks",
				);
				MARKETING_VERSION = 1.0;
				PRODUCT_BUNDLE_IDENTIFIER = swiftbook.ru.ContactLixtSwiftUI;
				PRODUCT_NAME = "$(TARGET_NAME)";
				SWIFT_EMIT_LOC_STRINGS = YES;
				SWIFT_VERSION = 5.0;
				TARGETED_DEVICE_FAMILY = "1,2";
			};
			name = Release;
		};
/* End XCBuildConfiguration section */

/* Begin XCConfigurationList section */
		726608762B3B1C8900E62D60 /* Build configuration list for PBXProject "ContactLixtSwiftUI" */ = {
			isa = XCConfigurationList;
			buildConfigurations = (
				726608872B3B1C8B00E62D60 /* Debug */,
				726608882B3B1C8B00E62D60 /* Release */,
			);
			defaultConfigurationIsVisible = 0;
			defaultConfigurationName = Release;
		};
		726608892B3B1C8B00E62D60 /* Build configuration list for PBXNativeTarget "ContactLixtSwiftUI" */ = {
			isa = XCConfigurationList;
			buildConfigurations = (
				7266088A2B3B1C8B00E62D60 /* Debug */,
				7266088B2B3B1C8B00E62D60 /* Release */,
			);
			defaultConfigurationIsVisible = 0;
			defaultConfigurationName = Release;
		};
/* End XCConfigurationList section */
	};
	rootObject = 726608732B3B1C8900E62D60 /* Project object */;
}
